{
    "_meta": {
        "hash": {
            "sha256": "2a24e9dafe908247cbc93a0b87f41813b6ddbbc0509c02cfe78cadfc5871751b"
        },
        "pipfile-spec": 6,
        "requires": {
            "python_version": "3.13"
        },
        "sources": [
            {
                "name": "pypi",
                "url": "https://pypi.org/simple",
                "verify_ssl": true
            }
        ]
    },
    "default": {},
    "develop": {}
}
