{
    "_meta": {
        "hash": {
            "sha256": "c58298e1c71584b77833acc8c71028af40847f4b75610020b7c370da88b15eb5"
        },
        "pipfile-spec": 6,
        "requires": {
            "python_version": "3.13"
        },
        "sources": [
            {
                "name": "pypi",
                "url": "https://pypi.org/simple",
                "verify_ssl": true
            }
        ]
    },
    "default": {},
    "develop": {}
}
