{
    "_meta": {
        "hash": {
            "sha256": "16888fc6dd4b55091e133455a47fa944ec75d266480dde4e262995c13d5df13f"
        },
        "pipfile-spec": 6,
        "requires": {
            "python_version": "3.13"
        },
        "sources": [
            {
                "name": "pypi",
                "url": "https://pypi.org/simple",
                "verify_ssl": true
            }
        ]
    },
    "default": {},
    "develop": {}
}
